// !$*UTF8*$!
{
	archiveVersion = 1;
	classes = {
	};
	objectVersion = 46;
	objects = {

/* Begin PBXBuildFile section */
		D94EFA69184E5BAB0059CCA1 /* Foundation.framework in Frameworks */ = {isa = PBXBuildFile; fileRef = D94EFA68184E5BAB0059CCA1 /* Foundation.framework */; };
		D94EFA6B184E5BAB0059CCA1 /* CoreGraphics.framework in Frameworks */ = {isa = PBXBuildFile; fileRef = D94EFA6A184E5BAB0059CCA1 /* CoreGraphics.framework */; };
		D94EFA6D184E5BAC0059CCA1 /* UIKit.framework in Frameworks */ = {isa = PBXBuildFile; fileRef = D94EFA6C184E5BAC0059CCA1 /* UIKit.framework */; };
		D94EFA73184E5BAC0059CCA1 /* InfoPlist.strings in Resources */ = {isa = PBXBuildFile; fileRef = D94EFA71184E5BAC0059CCA1 /* InfoPlist.strings */; };
		D94EFA75184E5BAC0059CCA1 /* main.m in Sources */ = {isa = PBXBuildFile; fileRef = D94EFA74184E5BAC0059CCA1 /* main.m */; };
		D94EFA79184E5BAC0059CCA1 /* QARAppDelegate.m in Sources */ = {isa = PBXBuildFile; fileRef = D94EFA78184E5BAC0059CCA1 /* QARAppDelegate.m */; };
		D94EFA7C184E5BAC0059CCA1 /* Main.storyboard in Resources */ = {isa = PBXBuildFile; fileRef = D94EFA7A184E5BAC0059CCA1 /* Main.storyboard */; };
		D94EFA81184E5BAC0059CCA1 /* Images.xcassets in Resources */ = {isa = PBXBuildFile; fileRef = D94EFA80184E5BAC0059CCA1 /* Images.xcassets */; };
		D94EFADB184E739E0059CCA1 /* QARThemeManager.m in Sources */ = {isa = PBXBuildFile; fileRef = D94EFADA184E739E0059CCA1 /* QARThemeManager.m */; };
		D94EFADF184E73B70059CCA1 /* QARListCell.m in Sources */ = {isa = PBXBuildFile; fileRef = D94EFADE184E73B70059CCA1 /* QARListCell.m */; };
		D94EFAE5184E73CB0059CCA1 /* QARViewController.m in Sources */ = {isa = PBXBuildFile; fileRef = D94EFAE2184E73CB0059CCA1 /* QARViewController.m */; };
		D94EFAE6184E73CB0059CCA1 /* QARWebViewController.m in Sources */ = {isa = PBXBuildFile; fileRef = D94EFAE4184E73CB0059CCA1 /* QARWebViewController.m */; };
		D94EFAED184E73E80059CCA1 /* IISideController.m in Sources */ = {isa = PBXBuildFile; fileRef = D94EFAE8184E73E80059CCA1 /* IISideController.m */; };
		D94EFAEE184E73E80059CCA1 /* IIViewDeckController.m in Sources */ = {isa = PBXBuildFile; fileRef = D94EFAEA184E73E80059CCA1 /* IIViewDeckController.m */; };
		D94EFAEF184E73E80059CCA1 /* IIWrapController.m in Sources */ = {isa = PBXBuildFile; fileRef = D94EFAEC184E73E80059CCA1 /* IIWrapController.m */; };
		D94EFAF2184E74C50059CCA1 /* QARMenuViewController.m in Sources */ = {isa = PBXBuildFile; fileRef = D94EFAF1184E74C50059CCA1 /* QARMenuViewController.m */; };
		D94EFAF4184E8CBE0059CCA1 /* Theme.plist in Resources */ = {isa = PBXBuildFile; fileRef = D94EFAF3184E8CBE0059CCA1 /* Theme.plist */; };
		D94EFAFF184E8CCF0059CCA1 /* Next@2x.png in Resources */ = {isa = PBXBuildFile; fileRef = D94EFAF7184E8CCF0059CCA1 /* Next@2x.png */; };
		D94EFB00184E8CCF0059CCA1 /* Previous@2x.png in Resources */ = {isa = PBXBuildFile; fileRef = D94EFAF8184E8CCF0059CCA1 /* Previous@2x.png */; };
		D94EFB01184E8CCF0059CCA1 /* Reset@2x.png in Resources */ = {isa = PBXBuildFile; fileRef = D94EFAF9184E8CCF0059CCA1 /* Reset@2x.png */; };
		D9B5A9C0184EC4C600DC5A28 /* RIButtonItem.m in Sources */ = {isa = PBXBuildFile; fileRef = D9B5A9BB184EC4C600DC5A28 /* RIButtonItem.m */; };
		D9B5A9C1184EC4C600DC5A28 /* UIActionSheet+Blocks.m in Sources */ = {isa = PBXBuildFile; fileRef = D9B5A9BD184EC4C600DC5A28 /* UIActionSheet+Blocks.m */; };
		D9B5A9C2184EC4C600DC5A28 /* UIAlertView+Blocks.m in Sources */ = {isa = PBXBuildFile; fileRef = D9B5A9BF184EC4C600DC5A28 /* UIAlertView+Blocks.m */; };
		D9BCEA9F184F79B100D34F21 /* QARSettingViewController.m in Sources */ = {isa = PBXBuildFile; fileRef = D9BCEA9E184F79B100D34F21 /* QARSettingViewController.m */; };
		D9BDACFE185005BF003FBCCF /* license.html in Resources */ = {isa = PBXBuildFile; fileRef = D9BDACFC185005BF003FBCCF /* license.html */; };
		D9BDACFF185005BF003FBCCF /* style.css in Resources */ = {isa = PBXBuildFile; fileRef = D9BDACFD185005BF003FBCCF /* style.css */; };
		D9BDAD0218501BED003FBCCF /* QARLoadingCell.m in Sources */ = {isa = PBXBuildFile; fileRef = D9BDAD0118501BED003FBCCF /* QARLoadingCell.m */; };
		D9BDAD051850227B003FBCCF /* QARSimpleWebViewController.m in Sources */ = {isa = PBXBuildFile; fileRef = D9BDAD041850227B003FBCCF /* QARSimpleWebViewController.m */; };
		D9BDAD0A18505100003FBCCF /* corner_fav_on@2x.png in Resources */ = {isa = PBXBuildFile; fileRef = D9BDAD0818505100003FBCCF /* corner_fav_on@2x.png */; };
		D9BDAD0B18505100003FBCCF /* corner_fav@2x.png in Resources */ = {isa = PBXBuildFile; fileRef = D9BDAD0918505100003FBCCF /* corner_fav@2x.png */; };
		D9DD688E1850820A00BFF896 /* QARFavManager.m in Sources */ = {isa = PBXBuildFile; fileRef = D9DD688D1850820A00BFF896 /* QARFavManager.m */; };
		D9DD6891185084DC00BFF896 /* QARFavViewController.m in Sources */ = {isa = PBXBuildFile; fileRef = D9DD6890185084DC00BFF896 /* QARFavViewController.m */; };
		D9DD689918508C6700BFF896 /* QARFeedDataSource.m in Sources */ = {isa = PBXBuildFile; fileRef = D9DD689818508C6700BFF896 /* QARFeedDataSource.m */; };
		D9DD689B1850B1E700BFF896 /* icon_120.png in Resources */ = {isa = PBXBuildFile; fileRef = D9DD689A1850B1E700BFF896 /* icon_120.png */; };
		D9DD68A11850B55A00BFF896 /* AudioToolbox.framework in Frameworks */ = {isa = PBXBuildFile; fileRef = D9DD68A01850B55A00BFF896 /* AudioToolbox.framework */; };
		D9DD68A31850B56200BFF896 /* CFNetwork.framework in Frameworks */ = {isa = PBXBuildFile; fileRef = D9DD68A21850B56200BFF896 /* CFNetwork.framework */; };
		D9DD68A51850B57100BFF896 /* CoreLocation.framework in Frameworks */ = {isa = PBXBuildFile; fileRef = D9DD68A41850B57100BFF896 /* CoreLocation.framework */; };
		D9DD68A71850B57700BFF896 /* libz.1.1.3.dylib in Frameworks */ = {isa = PBXBuildFile; fileRef = D9DD68A61850B57700BFF896 /* libz.1.1.3.dylib */; };
		D9DD68A91850B57C00BFF896 /* MobileCoreServices.framework in Frameworks */ = {isa = PBXBuildFile; fileRef = D9DD68A81850B57C00BFF896 /* MobileCoreServices.framework */; };
		D9DD68AB1850B58200BFF896 /* QuartzCore.framework in Frameworks */ = {isa = PBXBuildFile; fileRef = D9DD68AA1850B58200BFF896 /* QuartzCore.framework */; };
		D9DD68AD1850B58A00BFF896 /* Security.framework in Frameworks */ = {isa = PBXBuildFile; fileRef = D9DD68AC1850B58A00BFF896 /* Security.framework */; };
		D9DD68AF1850B59100BFF896 /* StoreKit.framework in Frameworks */ = {isa = PBXBuildFile; fileRef = D9DD68AE1850B59100BFF896 /* StoreKit.framework */; };
		D9DD68B11850B59F00BFF896 /* SystemConfiguration.framework in Frameworks */ = {isa = PBXBuildFile; fileRef = D9DD68B01850B59F00BFF896 /* SystemConfiguration.framework */; };
		D9DD68B21850C8A700BFF896 /* Social.framework in Frameworks */ = {isa = PBXBuildFile; fileRef = D9B5A9C3184EC87700DC5A28 /* Social.framework */; };
		D9FDEC121850CE8C000DF58A /* Upload@2x.png in Resources */ = {isa = PBXBuildFile; fileRef = D9FDEC111850CE8C000DF58A /* Upload@2x.png */; };
		D9FDEC1A1850D5F7000DF58A /* Default@2x.png in Resources */ = {isa = PBXBuildFile; fileRef = D9FDEC191850D5F7000DF58A /* Default@2x.png */; };
		D9FDEC241850EE57000DF58A /* Parse.framework in Frameworks */ = {isa = PBXBuildFile; fileRef = D9FDEC231850EE57000DF58A /* Parse.framework */; };
		D9FDEC2B1850EF03000DF58A /* dsym_upload.sh in Resources */ = {isa = PBXBuildFile; fileRef = D9FDEC291850EF03000DF58A /* dsym_upload.sh */; };
		D9FDEC2C1850EF03000DF58A /* libCrittercism_v4_1_2.a in Frameworks */ = {isa = PBXBuildFile; fileRef = D9FDEC2A1850EF03000DF58A /* libCrittercism_v4_1_2.a */; };
		E8E8F03624F5485196FDC3DD /* libPods.a in Frameworks */ = {isa = PBXBuildFile; fileRef = A3920C922EC045669486C3F7 /* libPods.a */; };
/* End PBXBuildFile section */

/* Begin PBXFileReference section */
		87E821DCD44D49EA8B359E03 /* Pods.xcconfig */ = {isa = PBXFileReference; includeInIndex = 1; lastKnownFileType = text.xcconfig; name = Pods.xcconfig; path = Pods/Pods.xcconfig; sourceTree = "<group>"; };
		A3920C922EC045669486C3F7 /* libPods.a */ = {isa = PBXFileReference; explicitFileType = archive.ar; includeInIndex = 0; path = libPods.a; sourceTree = BUILT_PRODUCTS_DIR; };
		D94EFA65184E5BAB0059CCA1 /* QiitaAdventReader.app */ = {isa = PBXFileReference; explicitFileType = wrapper.application; includeInIndex = 0; path = QiitaAdventReader.app; sourceTree = BUILT_PRODUCTS_DIR; };
		D94EFA68184E5BAB0059CCA1 /* Foundation.framework */ = {isa = PBXFileReference; lastKnownFileType = wrapper.framework; name = Foundation.framework; path = System/Library/Frameworks/Foundation.framework; sourceTree = SDKROOT; };
		D94EFA6A184E5BAB0059CCA1 /* CoreGraphics.framework */ = {isa = PBXFileReference; lastKnownFileType = wrapper.framework; name = CoreGraphics.framework; path = System/Library/Frameworks/CoreGraphics.framework; sourceTree = SDKROOT; };
		D94EFA6C184E5BAC0059CCA1 /* UIKit.framework */ = {isa = PBXFileReference; lastKnownFileType = wrapper.framework; name = UIKit.framework; path = System/Library/Frameworks/UIKit.framework; sourceTree = SDKROOT; };
		D94EFA70184E5BAC0059CCA1 /* QiitaAdventReader-Info.plist */ = {isa = PBXFileReference; lastKnownFileType = text.plist.xml; path = "QiitaAdventReader-Info.plist"; sourceTree = "<group>"; };
		D94EFA72184E5BAC0059CCA1 /* en */ = {isa = PBXFileReference; lastKnownFileType = text.plist.strings; name = en; path = en.lproj/InfoPlist.strings; sourceTree = "<group>"; };
		D94EFA74184E5BAC0059CCA1 /* main.m */ = {isa = PBXFileReference; lastKnownFileType = sourcecode.c.objc; path = main.m; sourceTree = "<group>"; };
		D94EFA76184E5BAC0059CCA1 /* QiitaAdventReader-Prefix.pch */ = {isa = PBXFileReference; lastKnownFileType = sourcecode.c.h; path = "QiitaAdventReader-Prefix.pch"; sourceTree = "<group>"; };
		D94EFA77184E5BAC0059CCA1 /* QARAppDelegate.h */ = {isa = PBXFileReference; lastKnownFileType = sourcecode.c.h; path = QARAppDelegate.h; sourceTree = "<group>"; };
		D94EFA78184E5BAC0059CCA1 /* QARAppDelegate.m */ = {isa = PBXFileReference; lastKnownFileType = sourcecode.c.objc; path = QARAppDelegate.m; sourceTree = "<group>"; };
		D94EFA7B184E5BAC0059CCA1 /* Base */ = {isa = PBXFileReference; lastKnownFileType = file.storyboard; name = Base; path = Base.lproj/Main.storyboard; sourceTree = "<group>"; };
		D94EFA80184E5BAC0059CCA1 /* Images.xcassets */ = {isa = PBXFileReference; lastKnownFileType = folder.assetcatalog; path = Images.xcassets; sourceTree = "<group>"; };
		D94EFA87184E5BAC0059CCA1 /* XCTest.framework */ = {isa = PBXFileReference; lastKnownFileType = wrapper.framework; name = XCTest.framework; path = Library/Frameworks/XCTest.framework; sourceTree = DEVELOPER_DIR; };
		D94EFAD9184E739E0059CCA1 /* QARThemeManager.h */ = {isa = PBXFileReference; fileEncoding = 4; lastKnownFileType = sourcecode.c.h; name = QARThemeManager.h; path = Model/QARThemeManager.h; sourceTree = "<group>"; };
		D94EFADA184E739E0059CCA1 /* QARThemeManager.m */ = {isa = PBXFileReference; fileEncoding = 4; lastKnownFileType = sourcecode.c.objc; name = QARThemeManager.m; path = Model/QARThemeManager.m; sourceTree = "<group>"; };
		D94EFADD184E73B70059CCA1 /* QARListCell.h */ = {isa = PBXFileReference; fileEncoding = 4; lastKnownFileType = sourcecode.c.h; name = QARListCell.h; path = View/QARListCell.h; sourceTree = "<group>"; };
		D94EFADE184E73B70059CCA1 /* QARListCell.m */ = {isa = PBXFileReference; fileEncoding = 4; lastKnownFileType = sourcecode.c.objc; name = QARListCell.m; path = View/QARListCell.m; sourceTree = "<group>"; };
		D94EFAE1184E73CB0059CCA1 /* QARViewController.h */ = {isa = PBXFileReference; fileEncoding = 4; lastKnownFileType = sourcecode.c.h; name = QARViewController.h; path = ViewController/QARViewController.h; sourceTree = "<group>"; };
		D94EFAE2184E73CB0059CCA1 /* QARViewController.m */ = {isa = PBXFileReference; fileEncoding = 4; lastKnownFileType = sourcecode.c.objc; name = QARViewController.m; path = ViewController/QARViewController.m; sourceTree = "<group>"; };
		D94EFAE3184E73CB0059CCA1 /* QARWebViewController.h */ = {isa = PBXFileReference; fileEncoding = 4; lastKnownFileType = sourcecode.c.h; name = QARWebViewController.h; path = ViewController/QARWebViewController.h; sourceTree = "<group>"; };
		D94EFAE4184E73CB0059CCA1 /* QARWebViewController.m */ = {isa = PBXFileReference; fileEncoding = 4; lastKnownFileType = sourcecode.c.objc; name = QARWebViewController.m; path = ViewController/QARWebViewController.m; sourceTree = "<group>"; };
		D94EFAE7184E73E80059CCA1 /* IISideController.h */ = {isa = PBXFileReference; fileEncoding = 4; lastKnownFileType = sourcecode.c.h; name = IISideController.h; path = QiitaAdventReader/Library/ViewDeck/IISideController.h; sourceTree = SOURCE_ROOT; };
		D94EFAE8184E73E80059CCA1 /* IISideController.m */ = {isa = PBXFileReference; fileEncoding = 4; lastKnownFileType = sourcecode.c.objc; name = IISideController.m; path = QiitaAdventReader/Library/ViewDeck/IISideController.m; sourceTree = SOURCE_ROOT; };
		D94EFAE9184E73E80059CCA1 /* IIViewDeckController.h */ = {isa = PBXFileReference; fileEncoding = 4; lastKnownFileType = sourcecode.c.h; name = IIViewDeckController.h; path = QiitaAdventReader/Library/ViewDeck/IIViewDeckController.h; sourceTree = SOURCE_ROOT; };
		D94EFAEA184E73E80059CCA1 /* IIViewDeckController.m */ = {isa = PBXFileReference; fileEncoding = 4; lastKnownFileType = sourcecode.c.objc; name = IIViewDeckController.m; path = QiitaAdventReader/Library/ViewDeck/IIViewDeckController.m; sourceTree = SOURCE_ROOT; };
		D94EFAEB184E73E80059CCA1 /* IIWrapController.h */ = {isa = PBXFileReference; fileEncoding = 4; lastKnownFileType = sourcecode.c.h; name = IIWrapController.h; path = QiitaAdventReader/Library/ViewDeck/IIWrapController.h; sourceTree = SOURCE_ROOT; };
		D94EFAEC184E73E80059CCA1 /* IIWrapController.m */ = {isa = PBXFileReference; fileEncoding = 4; lastKnownFileType = sourcecode.c.objc; name = IIWrapController.m; path = QiitaAdventReader/Library/ViewDeck/IIWrapController.m; sourceTree = SOURCE_ROOT; };
		D94EFAF0184E74C50059CCA1 /* QARMenuViewController.h */ = {isa = PBXFileReference; fileEncoding = 4; lastKnownFileType = sourcecode.c.h; name = QARMenuViewController.h; path = ViewController/QARMenuViewController.h; sourceTree = "<group>"; };
		D94EFAF1184E74C50059CCA1 /* QARMenuViewController.m */ = {isa = PBXFileReference; fileEncoding = 4; lastKnownFileType = sourcecode.c.objc; name = QARMenuViewController.m; path = ViewController/QARMenuViewController.m; sourceTree = "<group>"; };
		D94EFAF3184E8CBE0059CCA1 /* Theme.plist */ = {isa = PBXFileReference; fileEncoding = 4; lastKnownFileType = text.plist.xml; name = Theme.plist; path = resources/plist/Theme.plist; sourceTree = "<group>"; };
		D94EFAF7184E8CCF0059CCA1 /* Next@2x.png */ = {isa = PBXFileReference; lastKnownFileType = image.png; name = "Next@2x.png"; path = "resources/images/Next@2x.png"; sourceTree = "<group>"; };
		D94EFAF8184E8CCF0059CCA1 /* Previous@2x.png */ = {isa = PBXFileReference; lastKnownFileType = image.png; name = "Previous@2x.png"; path = "resources/images/Previous@2x.png"; sourceTree = "<group>"; };
		D94EFAF9184E8CCF0059CCA1 /* Reset@2x.png */ = {isa = PBXFileReference; lastKnownFileType = image.png; name = "Reset@2x.png"; path = "resources/images/Reset@2x.png"; sourceTree = "<group>"; };
		D9B5A9BA184EC4C600DC5A28 /* RIButtonItem.h */ = {isa = PBXFileReference; fileEncoding = 4; lastKnownFileType = sourcecode.c.h; name = RIButtonItem.h; path = "Library/UIAlertView-Blocks/RIButtonItem.h"; sourceTree = "<group>"; };
		D9B5A9BB184EC4C600DC5A28 /* RIButtonItem.m */ = {isa = PBXFileReference; fileEncoding = 4; lastKnownFileType = sourcecode.c.objc; name = RIButtonItem.m; path = "Library/UIAlertView-Blocks/RIButtonItem.m"; sourceTree = "<group>"; };
		D9B5A9BC184EC4C600DC5A28 /* UIActionSheet+Blocks.h */ = {isa = PBXFileReference; fileEncoding = 4; lastKnownFileType = sourcecode.c.h; name = "UIActionSheet+Blocks.h"; path = "Library/UIAlertView-Blocks/UIActionSheet+Blocks.h"; sourceTree = "<group>"; };
		D9B5A9BD184EC4C600DC5A28 /* UIActionSheet+Blocks.m */ = {isa = PBXFileReference; fileEncoding = 4; lastKnownFileType = sourcecode.c.objc; name = "UIActionSheet+Blocks.m"; path = "Library/UIAlertView-Blocks/UIActionSheet+Blocks.m"; sourceTree = "<group>"; };
		D9B5A9BE184EC4C600DC5A28 /* UIAlertView+Blocks.h */ = {isa = PBXFileReference; fileEncoding = 4; lastKnownFileType = sourcecode.c.h; name = "UIAlertView+Blocks.h"; path = "Library/UIAlertView-Blocks/UIAlertView+Blocks.h"; sourceTree = "<group>"; };
		D9B5A9BF184EC4C600DC5A28 /* UIAlertView+Blocks.m */ = {isa = PBXFileReference; fileEncoding = 4; lastKnownFileType = sourcecode.c.objc; name = "UIAlertView+Blocks.m"; path = "Library/UIAlertView-Blocks/UIAlertView+Blocks.m"; sourceTree = "<group>"; };
		D9B5A9C3184EC87700DC5A28 /* Social.framework */ = {isa = PBXFileReference; lastKnownFileType = wrapper.framework; name = Social.framework; path = System/Library/Frameworks/Social.framework; sourceTree = SDKROOT; };
		D9BCEA9D184F79B100D34F21 /* QARSettingViewController.h */ = {isa = PBXFileReference; fileEncoding = 4; lastKnownFileType = sourcecode.c.h; name = QARSettingViewController.h; path = ViewController/QARSettingViewController.h; sourceTree = "<group>"; };
		D9BCEA9E184F79B100D34F21 /* QARSettingViewController.m */ = {isa = PBXFileReference; fileEncoding = 4; lastKnownFileType = sourcecode.c.objc; name = QARSettingViewController.m; path = ViewController/QARSettingViewController.m; sourceTree = "<group>"; };
		D9BDACFC185005BF003FBCCF /* license.html */ = {isa = PBXFileReference; fileEncoding = 4; lastKnownFileType = text.html; name = license.html; path = resources/html/license.html; sourceTree = "<group>"; };
		D9BDACFD185005BF003FBCCF /* style.css */ = {isa = PBXFileReference; fileEncoding = 4; lastKnownFileType = text.css; name = style.css; path = resources/html/style.css; sourceTree = "<group>"; };
		D9BDAD0018501BED003FBCCF /* QARLoadingCell.h */ = {isa = PBXFileReference; fileEncoding = 4; lastKnownFileType = sourcecode.c.h; name = QARLoadingCell.h; path = View/QARLoadingCell.h; sourceTree = "<group>"; };
		D9BDAD0118501BED003FBCCF /* QARLoadingCell.m */ = {isa = PBXFileReference; fileEncoding = 4; lastKnownFileType = sourcecode.c.objc; name = QARLoadingCell.m; path = View/QARLoadingCell.m; sourceTree = "<group>"; };
		D9BDAD031850227B003FBCCF /* QARSimpleWebViewController.h */ = {isa = PBXFileReference; fileEncoding = 4; lastKnownFileType = sourcecode.c.h; name = QARSimpleWebViewController.h; path = ViewController/QARSimpleWebViewController.h; sourceTree = "<group>"; };
		D9BDAD041850227B003FBCCF /* QARSimpleWebViewController.m */ = {isa = PBXFileReference; fileEncoding = 4; lastKnownFileType = sourcecode.c.objc; name = QARSimpleWebViewController.m; path = ViewController/QARSimpleWebViewController.m; sourceTree = "<group>"; };
		D9BDAD0818505100003FBCCF /* corner_fav_on@2x.png */ = {isa = PBXFileReference; lastKnownFileType = image.png; name = "corner_fav_on@2x.png"; path = "resources/images/corner_fav_on@2x.png"; sourceTree = "<group>"; };
		D9BDAD0918505100003FBCCF /* corner_fav@2x.png */ = {isa = PBXFileReference; lastKnownFileType = image.png; name = "corner_fav@2x.png"; path = "resources/images/corner_fav@2x.png"; sourceTree = "<group>"; };
		D9DD688C1850820A00BFF896 /* QARFavManager.h */ = {isa = PBXFileReference; fileEncoding = 4; lastKnownFileType = sourcecode.c.h; name = QARFavManager.h; path = Model/QARFavManager.h; sourceTree = "<group>"; };
		D9DD688D1850820A00BFF896 /* QARFavManager.m */ = {isa = PBXFileReference; fileEncoding = 4; lastKnownFileType = sourcecode.c.objc; name = QARFavManager.m; path = Model/QARFavManager.m; sourceTree = "<group>"; };
		D9DD688F185084DC00BFF896 /* QARFavViewController.h */ = {isa = PBXFileReference; fileEncoding = 4; lastKnownFileType = sourcecode.c.h; name = QARFavViewController.h; path = ViewController/QARFavViewController.h; sourceTree = "<group>"; };
		D9DD6890185084DC00BFF896 /* QARFavViewController.m */ = {isa = PBXFileReference; fileEncoding = 4; lastKnownFileType = sourcecode.c.objc; name = QARFavViewController.m; path = ViewController/QARFavViewController.m; sourceTree = "<group>"; };
		D9DD689718508C6700BFF896 /* QARFeedDataSource.h */ = {isa = PBXFileReference; fileEncoding = 4; lastKnownFileType = sourcecode.c.h; name = QARFeedDataSource.h; path = ViewController/DataSource/QARFeedDataSource.h; sourceTree = "<group>"; };
		D9DD689818508C6700BFF896 /* QARFeedDataSource.m */ = {isa = PBXFileReference; fileEncoding = 4; lastKnownFileType = sourcecode.c.objc; name = QARFeedDataSource.m; path = ViewController/DataSource/QARFeedDataSource.m; sourceTree = "<group>"; };
		D9DD689A1850B1E700BFF896 /* icon_120.png */ = {isa = PBXFileReference; lastKnownFileType = image.png; name = icon_120.png; path = resources/images/icon_120.png; sourceTree = "<group>"; };
		D9DD689D1850B37100BFF896 /* Const.h */ = {isa = PBXFileReference; fileEncoding = 4; lastKnownFileType = sourcecode.c.h; name = Const.h; path = Define/Const.h; sourceTree = "<group>"; };
		D9DD68A01850B55A00BFF896 /* AudioToolbox.framework */ = {isa = PBXFileReference; lastKnownFileType = wrapper.framework; name = AudioToolbox.framework; path = System/Library/Frameworks/AudioToolbox.framework; sourceTree = SDKROOT; };
		D9DD68A21850B56200BFF896 /* CFNetwork.framework */ = {isa = PBXFileReference; lastKnownFileType = wrapper.framework; name = CFNetwork.framework; path = System/Library/Frameworks/CFNetwork.framework; sourceTree = SDKROOT; };
		D9DD68A41850B57100BFF896 /* CoreLocation.framework */ = {isa = PBXFileReference; lastKnownFileType = wrapper.framework; name = CoreLocation.framework; path = System/Library/Frameworks/CoreLocation.framework; sourceTree = SDKROOT; };
		D9DD68A61850B57700BFF896 /* libz.1.1.3.dylib */ = {isa = PBXFileReference; lastKnownFileType = "compiled.mach-o.dylib"; name = libz.1.1.3.dylib; path = usr/lib/libz.1.1.3.dylib; sourceTree = SDKROOT; };
		D9DD68A81850B57C00BFF896 /* MobileCoreServices.framework */ = {isa = PBXFileReference; lastKnownFileType = wrapper.framework; name = MobileCoreServices.framework; path = System/Library/Frameworks/MobileCoreServices.framework; sourceTree = SDKROOT; };
		D9DD68AA1850B58200BFF896 /* QuartzCore.framework */ = {isa = PBXFileReference; lastKnownFileType = wrapper.framework; name = QuartzCore.framework; path = System/Library/Frameworks/QuartzCore.framework; sourceTree = SDKROOT; };
		D9DD68AC1850B58A00BFF896 /* Security.framework */ = {isa = PBXFileReference; lastKnownFileType = wrapper.framework; name = Security.framework; path = System/Library/Frameworks/Security.framework; sourceTree = SDKROOT; };
		D9DD68AE1850B59100BFF896 /* StoreKit.framework */ = {isa = PBXFileReference; lastKnownFileType = wrapper.framework; name = StoreKit.framework; path = System/Library/Frameworks/StoreKit.framework; sourceTree = SDKROOT; };
		D9DD68B01850B59F00BFF896 /* SystemConfiguration.framework */ = {isa = PBXFileReference; lastKnownFileType = wrapper.framework; name = SystemConfiguration.framework; path = System/Library/Frameworks/SystemConfiguration.framework; sourceTree = SDKROOT; };
		D9FDEC111850CE8C000DF58A /* Upload@2x.png */ = {isa = PBXFileReference; lastKnownFileType = image.png; name = "Upload@2x.png"; path = "resources/images/Upload@2x.png"; sourceTree = "<group>"; };
		D9FDEC191850D5F7000DF58A /* Default@2x.png */ = {isa = PBXFileReference; lastKnownFileType = image.png; name = "Default@2x.png"; path = "resources/images/Default@2x.png"; sourceTree = "<group>"; };
		D9FDEC231850EE57000DF58A /* Parse.framework */ = {isa = PBXFileReference; lastKnownFileType = wrapper.framework; name = Parse.framework; path = QiitaAdventReader/Framework/Parse.framework; sourceTree = "<group>"; };
		D9FDEC261850EF03000DF58A /* CRFilter.h */ = {isa = PBXFileReference; fileEncoding = 4; lastKnownFileType = sourcecode.c.h; path = CRFilter.h; sourceTree = "<group>"; };
		D9FDEC271850EF03000DF58A /* Crittercism.h */ = {isa = PBXFileReference; fileEncoding = 4; lastKnownFileType = sourcecode.c.h; path = Crittercism.h; sourceTree = "<group>"; };
		D9FDEC281850EF03000DF58A /* CrittercismDelegate.h */ = {isa = PBXFileReference; fileEncoding = 4; lastKnownFileType = sourcecode.c.h; path = CrittercismDelegate.h; sourceTree = "<group>"; };
		D9FDEC291850EF03000DF58A /* dsym_upload.sh */ = {isa = PBXFileReference; fileEncoding = 4; lastKnownFileType = text.script.sh; path = dsym_upload.sh; sourceTree = "<group>"; };
		D9FDEC2A1850EF03000DF58A /* libCrittercism_v4_1_2.a */ = {isa = PBXFileReference; lastKnownFileType = archive.ar; path = libCrittercism_v4_1_2.a; sourceTree = "<group>"; };
/* End PBXFileReference section */

/* Begin PBXFrameworksBuildPhase section */
		D94EFA62184E5BAB0059CCA1 /* Frameworks */ = {
			isa = PBXFrameworksBuildPhase;
			buildActionMask = 2147483647;
			files = (
				D9FDEC241850EE57000DF58A /* Parse.framework in Frameworks */,
				D9FDEC2C1850EF03000DF58A /* libCrittercism_v4_1_2.a in Frameworks */,
				D9DD68B21850C8A700BFF896 /* Social.framework in Frameworks */,
				D9DD68B11850B59F00BFF896 /* SystemConfiguration.framework in Frameworks */,
				D9DD68AF1850B59100BFF896 /* StoreKit.framework in Frameworks */,
				D9DD68AD1850B58A00BFF896 /* Security.framework in Frameworks */,
				D9DD68AB1850B58200BFF896 /* QuartzCore.framework in Frameworks */,
				D9DD68A91850B57C00BFF896 /* MobileCoreServices.framework in Frameworks */,
				D9DD68A71850B57700BFF896 /* libz.1.1.3.dylib in Frameworks */,
				D9DD68A51850B57100BFF896 /* CoreLocation.framework in Frameworks */,
				D94EFA6B184E5BAB0059CCA1 /* CoreGraphics.framework in Frameworks */,
				D9DD68A31850B56200BFF896 /* CFNetwork.framework in Frameworks */,
				D9DD68A11850B55A00BFF896 /* AudioToolbox.framework in Frameworks */,
				D94EFA6D184E5BAC0059CCA1 /* UIKit.framework in Frameworks */,
				D94EFA69184E5BAB0059CCA1 /* Foundation.framework in Frameworks */,
				E8E8F03624F5485196FDC3DD /* libPods.a in Frameworks */,
			);
			runOnlyForDeploymentPostprocessing = 0;
		};
/* End PBXFrameworksBuildPhase section */

/* Begin PBXGroup section */
		D94EFA5C184E5BAB0059CCA1 = {
			isa = PBXGroup;
			children = (
				D94EFA6E184E5BAC0059CCA1 /* QiitaAdventReader */,
				D94EFA67184E5BAB0059CCA1 /* Frameworks */,
				D94EFA66184E5BAB0059CCA1 /* Products */,
				87E821DCD44D49EA8B359E03 /* Pods.xcconfig */,
			);
			sourceTree = "<group>";
		};
		D94EFA66184E5BAB0059CCA1 /* Products */ = {
			isa = PBXGroup;
			children = (
				D94EFA65184E5BAB0059CCA1 /* QiitaAdventReader.app */,
			);
			name = Products;
			sourceTree = "<group>";
		};
		D94EFA67184E5BAB0059CCA1 /* Frameworks */ = {
			isa = PBXGroup;
			children = (
				D9FDEC251850EF03000DF58A /* CrittercismSDK */,
				D9DD68B01850B59F00BFF896 /* SystemConfiguration.framework */,
				D9DD68AE1850B59100BFF896 /* StoreKit.framework */,
				D9DD68AC1850B58A00BFF896 /* Security.framework */,
				D9DD68AA1850B58200BFF896 /* QuartzCore.framework */,
				D9DD68A81850B57C00BFF896 /* MobileCoreServices.framework */,
				D9DD68A61850B57700BFF896 /* libz.1.1.3.dylib */,
				D9DD68A41850B57100BFF896 /* CoreLocation.framework */,
				D9DD68A21850B56200BFF896 /* CFNetwork.framework */,
				D9DD68A01850B55A00BFF896 /* AudioToolbox.framework */,
				D9FDEC231850EE57000DF58A /* Parse.framework */,
				D9B5A9C3184EC87700DC5A28 /* Social.framework */,
				D94EFA68184E5BAB0059CCA1 /* Foundation.framework */,
				D94EFA6A184E5BAB0059CCA1 /* CoreGraphics.framework */,
				D94EFA6C184E5BAC0059CCA1 /* UIKit.framework */,
				D94EFA87184E5BAC0059CCA1 /* XCTest.framework */,
				A3920C922EC045669486C3F7 /* libPods.a */,
			);
			name = Frameworks;
			sourceTree = "<group>";
		};
		D94EFA6E184E5BAC0059CCA1 /* QiitaAdventReader */ = {
			isa = PBXGroup;
			children = (
				D9DD689C1850B35D00BFF896 /* Define */,
				D94EFAE0184E73BF0059CCA1 /* ViewController */,
				D94EFADC184E73A60059CCA1 /* View */,
				D94EFAD8184E73930059CCA1 /* Model */,
				D94EFAD7184E738B0059CCA1 /* Library */,
				D94EFAD6184E735E0059CCA1 /* resources */,
				D94EFA77184E5BAC0059CCA1 /* QARAppDelegate.h */,
				D94EFA78184E5BAC0059CCA1 /* QARAppDelegate.m */,
				D94EFA7A184E5BAC0059CCA1 /* Main.storyboard */,
				D94EFA80184E5BAC0059CCA1 /* Images.xcassets */,
				D94EFA6F184E5BAC0059CCA1 /* Supporting Files */,
			);
			path = QiitaAdventReader;
			sourceTree = "<group>";
		};
		D94EFA6F184E5BAC0059CCA1 /* Supporting Files */ = {
			isa = PBXGroup;
			children = (
				D94EFA70184E5BAC0059CCA1 /* QiitaAdventReader-Info.plist */,
				D94EFA71184E5BAC0059CCA1 /* InfoPlist.strings */,
				D94EFA74184E5BAC0059CCA1 /* main.m */,
				D94EFA76184E5BAC0059CCA1 /* QiitaAdventReader-Prefix.pch */,
			);
			name = "Supporting Files";
			sourceTree = "<group>";
		};
		D94EFAA3184E68DE0059CCA1 /* ViewDeck */ = {
			isa = PBXGroup;
			children = (
				D94EFAE7184E73E80059CCA1 /* IISideController.h */,
				D94EFAE8184E73E80059CCA1 /* IISideController.m */,
				D94EFAE9184E73E80059CCA1 /* IIViewDeckController.h */,
				D94EFAEA184E73E80059CCA1 /* IIViewDeckController.m */,
				D94EFAEB184E73E80059CCA1 /* IIWrapController.h */,
				D94EFAEC184E73E80059CCA1 /* IIWrapController.m */,
			);
			path = ViewDeck;
			sourceTree = "<group>";
		};
		D94EFAAD184E6BE80059CCA1 /* images */ = {
			isa = PBXGroup;
			children = (
				D9DD689A1850B1E700BFF896 /* icon_120.png */,
				D9BDAD0818505100003FBCCF /* corner_fav_on@2x.png */,
				D9BDAD0918505100003FBCCF /* corner_fav@2x.png */,
				D9FDEC111850CE8C000DF58A /* Upload@2x.png */,
				D9FDEC191850D5F7000DF58A /* Default@2x.png */,
				D94EFAF7184E8CCF0059CCA1 /* Next@2x.png */,
				D94EFAF8184E8CCF0059CCA1 /* Previous@2x.png */,
				D94EFAF9184E8CCF0059CCA1 /* Reset@2x.png */,
			);
			name = images;
			sourceTree = "<group>";
		};
		D94EFAC1184E70460059CCA1 /* plist */ = {
			isa = PBXGroup;
			children = (
				D94EFAF3184E8CBE0059CCA1 /* Theme.plist */,
			);
			name = plist;
			sourceTree = "<group>";
		};
		D94EFAD6184E735E0059CCA1 /* resources */ = {
			isa = PBXGroup;
			children = (
				D9BDACFB185005B2003FBCCF /* html */,
				D94EFAC1184E70460059CCA1 /* plist */,
				D94EFAAD184E6BE80059CCA1 /* images */,
			);
			name = resources;
			sourceTree = "<group>";
		};
		D94EFAD7184E738B0059CCA1 /* Library */ = {
			isa = PBXGroup;
			children = (
				D9B5A9B9184EC4BA00DC5A28 /* UIAlertView-Blocks */,
				D94EFAA3184E68DE0059CCA1 /* ViewDeck */,
			);
			name = Library;
			sourceTree = "<group>";
		};
		D94EFAD8184E73930059CCA1 /* Model */ = {
			isa = PBXGroup;
			children = (
				D94EFAD9184E739E0059CCA1 /* QARThemeManager.h */,
				D94EFADA184E739E0059CCA1 /* QARThemeManager.m */,
				D9DD688C1850820A00BFF896 /* QARFavManager.h */,
				D9DD688D1850820A00BFF896 /* QARFavManager.m */,
			);
			name = Model;
			sourceTree = "<group>";
		};
		D94EFADC184E73A60059CCA1 /* View */ = {
			isa = PBXGroup;
			children = (
				D94EFADD184E73B70059CCA1 /* QARListCell.h */,
				D94EFADE184E73B70059CCA1 /* QARListCell.m */,
				D9BDAD0018501BED003FBCCF /* QARLoadingCell.h */,
				D9BDAD0118501BED003FBCCF /* QARLoadingCell.m */,
			);
			name = View;
			sourceTree = "<group>";
		};
		D94EFAE0184E73BF0059CCA1 /* ViewController */ = {
			isa = PBXGroup;
			children = (
				D9DD689618508C4600BFF896 /* DataSource */,
				D94EFAE1184E73CB0059CCA1 /* QARViewController.h */,
				D94EFAE2184E73CB0059CCA1 /* QARViewController.m */,
				D94EFAE3184E73CB0059CCA1 /* QARWebViewController.h */,
				D94EFAE4184E73CB0059CCA1 /* QARWebViewController.m */,
				D94EFAF0184E74C50059CCA1 /* QARMenuViewController.h */,
				D94EFAF1184E74C50059CCA1 /* QARMenuViewController.m */,
				D9BCEA9D184F79B100D34F21 /* QARSettingViewController.h */,
				D9BCEA9E184F79B100D34F21 /* QARSettingViewController.m */,
				D9BDAD031850227B003FBCCF /* QARSimpleWebViewController.h */,
				D9BDAD041850227B003FBCCF /* QARSimpleWebViewController.m */,
				D9DD688F185084DC00BFF896 /* QARFavViewController.h */,
				D9DD6890185084DC00BFF896 /* QARFavViewController.m */,
			);
			name = ViewController;
			sourceTree = "<group>";
		};
		D9B5A9B9184EC4BA00DC5A28 /* UIAlertView-Blocks */ = {
			isa = PBXGroup;
			children = (
				D9B5A9BA184EC4C600DC5A28 /* RIButtonItem.h */,
				D9B5A9BB184EC4C600DC5A28 /* RIButtonItem.m */,
				D9B5A9BC184EC4C600DC5A28 /* UIActionSheet+Blocks.h */,
				D9B5A9BD184EC4C600DC5A28 /* UIActionSheet+Blocks.m */,
				D9B5A9BE184EC4C600DC5A28 /* UIAlertView+Blocks.h */,
				D9B5A9BF184EC4C600DC5A28 /* UIAlertView+Blocks.m */,
			);
			name = "UIAlertView-Blocks";
			sourceTree = "<group>";
		};
		D9BDACFB185005B2003FBCCF /* html */ = {
			isa = PBXGroup;
			children = (
				D9BDACFC185005BF003FBCCF /* license.html */,
				D9BDACFD185005BF003FBCCF /* style.css */,
			);
			name = html;
			sourceTree = "<group>";
		};
		D9DD689618508C4600BFF896 /* DataSource */ = {
			isa = PBXGroup;
			children = (
				D9DD689718508C6700BFF896 /* QARFeedDataSource.h */,
				D9DD689818508C6700BFF896 /* QARFeedDataSource.m */,
			);
			name = DataSource;
			sourceTree = "<group>";
		};
		D9DD689C1850B35D00BFF896 /* Define */ = {
			isa = PBXGroup;
			children = (
				D9DD689D1850B37100BFF896 /* Const.h */,
			);
			name = Define;
			sourceTree = "<group>";
		};
		D9FDEC251850EF03000DF58A /* CrittercismSDK */ = {
			isa = PBXGroup;
			children = (
				D9FDEC261850EF03000DF58A /* CRFilter.h */,
				D9FDEC271850EF03000DF58A /* Crittercism.h */,
				D9FDEC281850EF03000DF58A /* CrittercismDelegate.h */,
				D9FDEC291850EF03000DF58A /* dsym_upload.sh */,
				D9FDEC2A1850EF03000DF58A /* libCrittercism_v4_1_2.a */,
			);
			name = CrittercismSDK;
			path = QiitaAdventReader/Framework/CrittercismSDK;
			sourceTree = "<group>";
		};
/* End PBXGroup section */

/* Begin PBXNativeTarget section */
		D94EFA64184E5BAB0059CCA1 /* QiitaAdventReader */ = {
			isa = PBXNativeTarget;
			buildConfigurationList = D94EFA97184E5BAC0059CCA1 /* Build configuration list for PBXNativeTarget "QiitaAdventReader" */;
			buildPhases = (
				641C7F0FA29B4EC48FC12713 /* Check Pods Manifest.lock */,
				D94EFA61184E5BAB0059CCA1 /* Sources */,
				D94EFA62184E5BAB0059CCA1 /* Frameworks */,
				D94EFA63184E5BAB0059CCA1 /* Resources */,
				4A15851BFFD84B738CBC231A /* Copy Pods Resources */,
			);
			buildRules = (
			);
			dependencies = (
			);
			name = QiitaAdventReader;
			productName = QiitaAdventReader;
			productReference = D94EFA65184E5BAB0059CCA1 /* QiitaAdventReader.app */;
			productType = "com.apple.product-type.application";
		};
/* End PBXNativeTarget section */

/* Begin PBXProject section */
		D94EFA5D184E5BAB0059CCA1 /* Project object */ = {
			isa = PBXProject;
			attributes = {
				CLASSPREFIX = QAR;
				LastUpgradeCheck = 0500;
				ORGANIZATIONNAME = "Ryosuke Hiramatsu";
				TargetAttributes = {
					D94EFA64184E5BAB0059CCA1 = {
						DevelopmentTeam = Y6LHTNYSDM;
					};
				};
			};
			buildConfigurationList = D94EFA60184E5BAB0059CCA1 /* Build configuration list for PBXProject "QiitaAdventReader" */;
			compatibilityVersion = "Xcode 3.2";
			developmentRegion = English;
			hasScannedForEncodings = 0;
			knownRegions = (
				en,
				Base,
			);
			mainGroup = D94EFA5C184E5BAB0059CCA1;
			productRefGroup = D94EFA66184E5BAB0059CCA1 /* Products */;
			projectDirPath = "";
			projectRoot = "";
			targets = (
				D94EFA64184E5BAB0059CCA1 /* QiitaAdventReader */,
			);
		};
/* End PBXProject section */

/* Begin PBXResourcesBuildPhase section */
		D94EFA63184E5BAB0059CCA1 /* Resources */ = {
			isa = PBXResourcesBuildPhase;
			buildActionMask = 2147483647;
			files = (
				D94EFB01184E8CCF0059CCA1 /* Reset@2x.png in Resources */,
				D9BDAD0A18505100003FBCCF /* corner_fav_on@2x.png in Resources */,
				D9BDAD0B18505100003FBCCF /* corner_fav@2x.png in Resources */,
				D94EFAF4184E8CBE0059CCA1 /* Theme.plist in Resources */,
				D94EFB00184E8CCF0059CCA1 /* Previous@2x.png in Resources */,
				D94EFA81184E5BAC0059CCA1 /* Images.xcassets in Resources */,
				D9FDEC2B1850EF03000DF58A /* dsym_upload.sh in Resources */,
				D94EFA73184E5BAC0059CCA1 /* InfoPlist.strings in Resources */,
				D94EFAFF184E8CCF0059CCA1 /* Next@2x.png in Resources */,
				D9FDEC121850CE8C000DF58A /* Upload@2x.png in Resources */,
				D9BDACFF185005BF003FBCCF /* style.css in Resources */,
				D94EFA7C184E5BAC0059CCA1 /* Main.storyboard in Resources */,
				D9DD689B1850B1E700BFF896 /* icon_120.png in Resources */,
				D9FDEC1A1850D5F7000DF58A /* Default@2x.png in Resources */,
				D9BDACFE185005BF003FBCCF /* license.html in Resources */,
			);
			runOnlyForDeploymentPostprocessing = 0;
		};
/* End PBXResourcesBuildPhase section */

/* Begin PBXShellScriptBuildPhase section */
		4A15851BFFD84B738CBC231A /* Copy Pods Resources */ = {
			isa = PBXShellScriptBuildPhase;
			buildActionMask = 2147483647;
			files = (
			);
			inputPaths = (
			);
			name = "Copy Pods Resources";
			outputPaths = (
			);
			runOnlyForDeploymentPostprocessing = 0;
			shellPath = /bin/sh;
			shellScript = "\"${SRCROOT}/Pods/Pods-resources.sh\"\n";
			showEnvVarsInLog = 0;
		};
		641C7F0FA29B4EC48FC12713 /* Check Pods Manifest.lock */ = {
			isa = PBXShellScriptBuildPhase;
			buildActionMask = 2147483647;
			files = (
			);
			inputPaths = (
			);
			name = "Check Pods Manifest.lock";
			outputPaths = (
			);
			runOnlyForDeploymentPostprocessing = 0;
			shellPath = /bin/sh;
			shellScript = "diff \"${PODS_ROOT}/../Podfile.lock\" \"${PODS_ROOT}/Manifest.lock\" > /dev/null\nif [[ $? != 0 ]] ; then\n    cat << EOM\nerror: The sandbox is not in sync with the Podfile.lock. Run 'pod install' or update your CocoaPods installation.\nEOM\n    exit 1\nfi\n";
			showEnvVarsInLog = 0;
		};
/* End PBXShellScriptBuildPhase section */

/* Begin PBXSourcesBuildPhase section */
		D94EFA61184E5BAB0059CCA1 /* Sources */ = {
			isa = PBXSourcesBuildPhase;
			buildActionMask = 2147483647;
			files = (
				D9B5A9C2184EC4C600DC5A28 /* UIAlertView+Blocks.m in Sources */,
				D94EFAED184E73E80059CCA1 /* IISideController.m in Sources */,
				D9BDAD051850227B003FBCCF /* QARSimpleWebViewController.m in Sources */,
				D94EFAEE184E73E80059CCA1 /* IIViewDeckController.m in Sources */,
				D9BDAD0218501BED003FBCCF /* QARLoadingCell.m in Sources */,
				D94EFAF2184E74C50059CCA1 /* QARMenuViewController.m in Sources */,
				D9B5A9C0184EC4C600DC5A28 /* RIButtonItem.m in Sources */,
				D9DD689918508C6700BFF896 /* QARFeedDataSource.m in Sources */,
				D94EFADF184E73B70059CCA1 /* QARListCell.m in Sources */,
				D9BCEA9F184F79B100D34F21 /* QARSettingViewController.m in Sources */,
				D94EFA75184E5BAC0059CCA1 /* main.m in Sources */,
				D94EFAE5184E73CB0059CCA1 /* QARViewController.m in Sources */,
				D9B5A9C1184EC4C600DC5A28 /* UIActionSheet+Blocks.m in Sources */,
				D94EFAEF184E73E80059CCA1 /* IIWrapController.m in Sources */,
				D94EFAE6184E73CB0059CCA1 /* QARWebViewController.m in Sources */,
				D9DD688E1850820A00BFF896 /* QARFavManager.m in Sources */,
				D94EFADB184E739E0059CCA1 /* QARThemeManager.m in Sources */,
				D94EFA79184E5BAC0059CCA1 /* QARAppDelegate.m in Sources */,
				D9DD6891185084DC00BFF896 /* QARFavViewController.m in Sources */,
			);
			runOnlyForDeploymentPostprocessing = 0;
		};
/* End PBXSourcesBuildPhase section */

/* Begin PBXVariantGroup section */
		D94EFA71184E5BAC0059CCA1 /* InfoPlist.strings */ = {
			isa = PBXVariantGroup;
			children = (
				D94EFA72184E5BAC0059CCA1 /* en */,
			);
			name = InfoPlist.strings;
			sourceTree = "<group>";
		};
		D94EFA7A184E5BAC0059CCA1 /* Main.storyboard */ = {
			isa = PBXVariantGroup;
			children = (
				D94EFA7B184E5BAC0059CCA1 /* Base */,
			);
			name = Main.storyboard;
			sourceTree = "<group>";
		};
/* End PBXVariantGroup section */

/* Begin XCBuildConfiguration section */
		D94EFA95184E5BAC0059CCA1 /* Debug */ = {
			isa = XCBuildConfiguration;
			buildSettings = {
				ALWAYS_SEARCH_USER_PATHS = NO;
				ARCHS = "$(ARCHS_STANDARD_INCLUDING_64_BIT)";
				CLANG_CXX_LANGUAGE_STANDARD = "gnu++0x";
				CLANG_CXX_LIBRARY = "libc++";
				CLANG_ENABLE_MODULES = YES;
				CLANG_ENABLE_OBJC_ARC = YES;
				CLANG_WARN_BOOL_CONVERSION = YES;
				CLANG_WARN_CONSTANT_CONVERSION = YES;
				CLANG_WARN_DIRECT_OBJC_ISA_USAGE = YES_ERROR;
				CLANG_WARN_EMPTY_BODY = YES;
				CLANG_WARN_ENUM_CONVERSION = YES;
				CLANG_WARN_INT_CONVERSION = YES;
				CLANG_WARN_OBJC_ROOT_CLASS = YES_ERROR;
				CLANG_WARN__DUPLICATE_METHOD_MATCH = YES;
				"CODE_SIGN_IDENTITY[sdk=iphoneos*]" = "";
				COPY_PHASE_STRIP = NO;
				GCC_C_LANGUAGE_STANDARD = gnu99;
				GCC_DYNAMIC_NO_PIC = NO;
				GCC_OPTIMIZATION_LEVEL = 0;
				GCC_PREPROCESSOR_DEFINITIONS = (
					"DEBUG=1",
					"$(inherited)",
				);
				GCC_SYMBOLS_PRIVATE_EXTERN = NO;
				GCC_WARN_64_TO_32_BIT_CONVERSION = YES;
				GCC_WARN_ABOUT_RETURN_TYPE = YES_ERROR;
				GCC_WARN_UNDECLARED_SELECTOR = YES;
				GCC_WARN_UNINITIALIZED_AUTOS = YES;
				GCC_WARN_UNUSED_FUNCTION = YES;
				GCC_WARN_UNUSED_VARIABLE = YES;
				IPHONEOS_DEPLOYMENT_TARGET = 7.0;
				ONLY_ACTIVE_ARCH = YES;
				PROVISIONING_PROFILE = "5319C584-4352-40CF-B6F4-7CDA40F5A89B";
				SDKROOT = iphoneos;
			};
			name = Debug;
		};
		D94EFA96184E5BAC0059CCA1 /* Release */ = {
			isa = XCBuildConfiguration;
			buildSettings = {
				ALWAYS_SEARCH_USER_PATHS = NO;
				ARCHS = "$(ARCHS_STANDARD_INCLUDING_64_BIT)";
				CLANG_CXX_LANGUAGE_STANDARD = "gnu++0x";
				CLANG_CXX_LIBRARY = "libc++";
				CLANG_ENABLE_MODULES = YES;
				CLANG_ENABLE_OBJC_ARC = YES;
				CLANG_WARN_BOOL_CONVERSION = YES;
				CLANG_WARN_CONSTANT_CONVERSION = YES;
				CLANG_WARN_DIRECT_OBJC_ISA_USAGE = YES_ERROR;
				CLANG_WARN_EMPTY_BODY = YES;
				CLANG_WARN_ENUM_CONVERSION = YES;
				CLANG_WARN_INT_CONVERSION = YES;
				CLANG_WARN_OBJC_ROOT_CLASS = YES_ERROR;
				CLANG_WARN__DUPLICATE_METHOD_MATCH = YES;
				"CODE_SIGN_IDENTITY[sdk=iphoneos*]" = "";
				COPY_PHASE_STRIP = YES;
				ENABLE_NS_ASSERTIONS = NO;
				GCC_C_LANGUAGE_STANDARD = gnu99;
				GCC_WARN_64_TO_32_BIT_CONVERSION = YES;
				GCC_WARN_ABOUT_RETURN_TYPE = YES_ERROR;
				GCC_WARN_UNDECLARED_SELECTOR = YES;
				GCC_WARN_UNINITIALIZED_AUTOS = YES;
				GCC_WARN_UNUSED_FUNCTION = YES;
				GCC_WARN_UNUSED_VARIABLE = YES;
				IPHONEOS_DEPLOYMENT_TARGET = 7.0;
				PROVISIONING_PROFILE = "5319C584-4352-40CF-B6F4-7CDA40F5A89B";
				SDKROOT = iphoneos;
				VALIDATE_PRODUCT = YES;
			};
			name = Release;
		};
		D94EFA98184E5BAC0059CCA1 /* Debug */ = {
			isa = XCBuildConfiguration;
			baseConfigurationReference = 87E821DCD44D49EA8B359E03 /* Pods.xcconfig */;
			buildSettings = {
				ARCHS = "$(ARCHS_STANDARD)";
				ASSETCATALOG_COMPILER_APPICON_NAME = AppIcon;
				ASSETCATALOG_COMPILER_LAUNCHIMAGE_NAME = LaunchImage;
				CODE_SIGN_IDENTITY = "iPhone Developer";
				"CODE_SIGN_IDENTITY[sdk=iphoneos*]" = "iPhone Developer";
				FRAMEWORK_SEARCH_PATHS = (
					"$(inherited)",
					/Users/rhiramat/Documents/objc/QiitaAdventReader,
					/Users/rhiramat/Documents/objc/QiitaAdventReader/QiitaAdventReader/Framework,
					/Users/himara2/Documents/objc/QiitaAdventReader/QiitaAdventReader/Framework,
				);
				GCC_PRECOMPILE_PREFIX_HEADER = YES;
				GCC_PREFIX_HEADER = "QiitaAdventReader/QiitaAdventReader-Prefix.pch";
				INFOPLIST_FILE = "QiitaAdventReader/QiitaAdventReader-Info.plist";
				LIBRARY_SEARCH_PATHS = (
					"$(inherited)",
					/Users/rhiramat/Documents/objc/QiitaAdventReader/CrittercismSDK,
					/Users/rhiramat/Documents/objc/QiitaAdventReader/QiitaAdventReader/Framework/CrittercismSDK,
				);
				OTHER_LDFLAGS = (
					"-framework",
					CoreGraphics,
					"-framework",
					Foundation,
					"-framework",
					MobileCoreServices,
					"-framework",
					QuartzCore,
					"-framework",
					Security,
					"-framework",
					SystemConfiguration,
				);
				PRODUCT_NAME = "$(TARGET_NAME)";
				PROVISIONING_PROFILE = "0A58AF4D-010E-4508-8C89-CD2F6D60C4C8";
				VALID_ARCHS = "armv7 armv7s";
				WRAPPER_EXTENSION = app;
			};
			name = Debug;
		};
		D94EFA99184E5BAC0059CCA1 /* Release */ = {
			isa = XCBuildConfiguration;
			baseConfigurationReference = 87E821DCD44D49EA8B359E03 /* Pods.xcconfig */;
			buildSettings = {
				ARCHS = "$(ARCHS_STANDARD)";
				ASSETCATALOG_COMPILER_APPICON_NAME = AppIcon;
				ASSETCATALOG_COMPILER_LAUNCHIMAGE_NAME = LaunchImage;
				CODE_SIGN_IDENTITY = "iPhone Developer";
				"CODE_SIGN_IDENTITY[sdk=iphoneos*]" = "iPhone Developer";
				FRAMEWORK_SEARCH_PATHS = (
					"$(inherited)",
					/Users/rhiramat/Documents/objc/QiitaAdventReader,
					/Users/rhiramat/Documents/objc/QiitaAdventReader/QiitaAdventReader/Framework,
					/Users/himara2/Documents/objc/QiitaAdventReader/QiitaAdventReader/Framework,
				);
				GCC_PRECOMPILE_PREFIX_HEADER = YES;
				GCC_PREFIX_HEADER = "QiitaAdventReader/QiitaAdventReader-Prefix.pch";
				INFOPLIST_FILE = "QiitaAdventReader/QiitaAdventReader-Info.plist";
				LIBRARY_SEARCH_PATHS = (
					"$(inherited)",
					/Users/rhiramat/Documents/objc/QiitaAdventReader/CrittercismSDK,
					/Users/rhiramat/Documents/objc/QiitaAdventReader/QiitaAdventReader/Framework/CrittercismSDK,
				);
				OTHER_LDFLAGS = (
					"-framework",
					CoreGraphics,
					"-framework",
					Foundation,
					"-framework",
					MobileCoreServices,
					"-framework",
					QuartzCore,
					"-framework",
					Security,
					"-framework",
					SystemConfiguration,
				);
				PRODUCT_NAME = "$(TARGET_NAME)";
				PROVISIONING_PROFILE = "0A58AF4D-010E-4508-8C89-CD2F6D60C4C8";
				VALID_ARCHS = "armv7 armv7s";
				WRAPPER_EXTENSION = app;
			};
			name = Release;
		};
/* End XCBuildConfiguration section */

/* Begin XCConfigurationList section */
		D94EFA60184E5BAB0059CCA1 /* Build configuration list for PBXProject "QiitaAdventReader" */ = {
			isa = XCConfigurationList;
			buildConfigurations = (
				D94EFA95184E5BAC0059CCA1 /* Debug */,
				D94EFA96184E5BAC0059CCA1 /* Release */,
			);
			defaultConfigurationIsVisible = 0;
			defaultConfigurationName = Release;
		};
		D94EFA97184E5BAC0059CCA1 /* Build configuration list for PBXNativeTarget "QiitaAdventReader" */ = {
			isa = XCConfigurationList;
			buildConfigurations = (
				D94EFA98184E5BAC0059CCA1 /* Debug */,
				D94EFA99184E5BAC0059CCA1 /* Release */,
			);
			defaultConfigurationIsVisible = 0;
			defaultConfigurationName = Release;
		};
/* End XCConfigurationList section */
	};
	rootObject = D94EFA5D184E5BAB0059CCA1 /* Project object */;
}
